// !$*UTF8*$!
{
	archiveVersion = 1;
	classes = {
	};
	objectVersion = 50;
	objects = {

/* Begin PBXBuildFile section */
		ACF2E4532206E2EA00E7961A /* AppDelegate.swift in Sources */ = {isa = PBXBuildFile; fileRef = ACF2E4522206E2EA00E7961A /* AppDelegate.swift */; };
		ACF2E4552206E2EA00E7961A /* ViewController.swift in Sources */ = {isa = PBXBuildFile; fileRef = ACF2E4542206E2EA00E7961A /* ViewController.swift */; };
		ACF2E4582206E2EA00E7961A /* Main.storyboard in Resources */ = {isa = PBXBuildFile; fileRef = ACF2E4562206E2EA00E7961A /* Main.storyboard */; };
		ACF2E45A2206E2EC00E7961A /* Assets.xcassets in Resources */ = {isa = PBXBuildFile; fileRef = ACF2E4592206E2EC00E7961A /* Assets.xcassets */; };
		ACF2E45D2206E2EC00E7961A /* LaunchScreen.storyboard in Resources */ = {isa = PBXBuildFile; fileRef = ACF2E45B2206E2EC00E7961A /* LaunchScreen.storyboard */; };
		ACF2E4652206F17600E7961A /* ChatMessageCell.swift in Sources */ = {isa = PBXBuildFile; fileRef = ACF2E4642206F17600E7961A /* ChatMessageCell.swift */; };
/* End PBXBuildFile section */

/* Begin PBXFileReference section */
		ACF2E44F2206E2EA00E7961A /* Grouped Messages.app */ = {isa = PBXFileReference; explicitFileType = wrapper.application; includeInIndex = 0; path = "Grouped Messages.app"; sourceTree = BUILT_PRODUCTS_DIR; };
		ACF2E4522206E2EA00E7961A /* AppDelegate.swift */ = {isa = PBXFileReference; lastKnownFileType = sourcecode.swift; path = AppDelegate.swift; sourceTree = "<group>"; };
		ACF2E4542206E2EA00E7961A /* ViewController.swift */ = {isa = PBXFileReference; lastKnownFileType = sourcecode.swift; path = ViewController.swift; sourceTree = "<group>"; };
		ACF2E4572206E2EA00E7961A /* Base */ = {isa = PBXFileReference; lastKnownFileType = file.storyboard; name = Base; path = Base.lproj/Main.storyboard; sourceTree = "<group>"; };
		ACF2E4592206E2EC00E7961A /* Assets.xcassets */ = {isa = PBXFileReference; lastKnownFileType = folder.assetcatalog; path = Assets.xcassets; sourceTree = "<group>"; };
		ACF2E45C2206E2EC00E7961A /* Base */ = {isa = PBXFileReference; lastKnownFileType = file.storyboard; name = Base; path = Base.lproj/LaunchScreen.storyboard; sourceTree = "<group>"; };
		ACF2E45E2206E2EC00E7961A /* Info.plist */ = {isa = PBXFileReference; lastKnownFileType = text.plist.xml; path = Info.plist; sourceTree = "<group>"; };
		ACF2E4642206F17600E7961A /* ChatMessageCell.swift */ = {isa = PBXFileReference; lastKnownFileType = sourcecode.swift; path = ChatMessageCell.swift; sourceTree = "<group>"; };
/* End PBXFileReference section */

/* Begin PBXFrameworksBuildPhase section */
		ACF2E44C2206E2EA00E7961A /* Frameworks */ = {
			isa = PBXFrameworksBuildPhase;
			buildActionMask = 2147483647;
			files = (
			);
			runOnlyForDeploymentPostprocessing = 0;
		};
/* End PBXFrameworksBuildPhase section */

/* Begin PBXGroup section */
		ACF2E4462206E2EA00E7961A = {
			isa = PBXGroup;
			children = (
				ACF2E4512206E2EA00E7961A /* Grouped Messages */,
				ACF2E4502206E2EA00E7961A /* Products */,
			);
			sourceTree = "<group>";
		};
		ACF2E4502206E2EA00E7961A /* Products */ = {
			isa = PBXGroup;
			children = (
				ACF2E44F2206E2EA00E7961A /* Grouped Messages.app */,
			);
			name = Products;
			sourceTree = "<group>";
		};
		ACF2E4512206E2EA00E7961A /* Grouped Messages */ = {
			isa = PBXGroup;
			children = (
				ACF2E4522206E2EA00E7961A /* AppDelegate.swift */,
				ACF2E4542206E2EA00E7961A /* ViewController.swift */,
				ACF2E4642206F17600E7961A /* ChatMessageCell.swift */,
				ACF2E4562206E2EA00E7961A /* Main.storyboard */,
				ACF2E4592206E2EC00E7961A /* Assets.xcassets */,
				ACF2E45B2206E2EC00E7961A /* LaunchScreen.storyboard */,
				ACF2E45E2206E2EC00E7961A /* Info.plist */,
			);
			path = "Grouped Messages";
			sourceTree = "<group>";
		};
/* End PBXGroup section */

/* Begin PBXNativeTarget section */
		ACF2E44E2206E2EA00E7961A /* Grouped Messages */ = {
			isa = PBXNativeTarget;
			buildConfigurationList = ACF2E4612206E2EC00E7961A /* Build configuration list for PBXNativeTarget "Grouped Messages" */;
			buildPhases = (
				ACF2E44B2206E2EA00E7961A /* Sources */,
				ACF2E44C2206E2EA00E7961A /* Frameworks */,
				ACF2E44D2206E2EA00E7961A /* Resources */,
			);
			buildRules = (
			);
			dependencies = (
			);
			name = "Grouped Messages";
			productName = "Grouped Messages";
			productReference = ACF2E44F2206E2EA00E7961A /* Grouped Messages.app */;
			productType = "com.apple.product-type.application";
		};
/* End PBXNativeTarget section */

/* Begin PBXProject section */
		ACF2E4472206E2EA00E7961A /* Project object */ = {
			isa = PBXProject;
			attributes = {
				LastSwiftUpdateCheck = 1000;
				LastUpgradeCheck = 1000;
				ORGANIZATIONNAME = "Maxim Granchenko";
				TargetAttributes = {
					ACF2E44E2206E2EA00E7961A = {
						CreatedOnToolsVersion = 10.0;
					};
				};
			};
			buildConfigurationList = ACF2E44A2206E2EA00E7961A /* Build configuration list for PBXProject "Grouped Messages" */;
			compatibilityVersion = "Xcode 9.3";
			developmentRegion = en;
			hasScannedForEncodings = 0;
			knownRegions = (
				en,
				Base,
			);
			mainGroup = ACF2E4462206E2EA00E7961A;
			productRefGroup = ACF2E4502206E2EA00E7961A /* Products */;
			projectDirPath = "";
			projectRoot = "";
			targets = (
				ACF2E44E2206E2EA00E7961A /* Grouped Messages */,
			);
		};
/* End PBXProject section */

/* Begin PBXResourcesBuildPhase section */
		ACF2E44D2206E2EA00E7961A /* Resources */ = {
			isa = PBXResourcesBuildPhase;
			buildActionMask = 2147483647;
			files = (
				ACF2E45D2206E2EC00E7961A /* LaunchScreen.storyboard in Resources */,
				ACF2E45A2206E2EC00E7961A /* Assets.xcassets in Resources */,
				ACF2E4582206E2EA00E7961A /* Main.storyboard in Resources */,
			);
			runOnlyForDeploymentPostprocessing = 0;
		};
/* End PBXResourcesBuildPhase section */

/* Begin PBXSourcesBuildPhase section */
		ACF2E44B2206E2EA00E7961A /* Sources */ = {
			isa = PBXSourcesBuildPhase;
			buildActionMask = 2147483647;
			files = (
				ACF2E4652206F17600E7961A /* ChatMessageCell.swift in Sources */,
				ACF2E4552206E2EA00E7961A /* ViewController.swift in Sources */,
				ACF2E4532206E2EA00E7961A /* AppDelegate.swift in Sources */,
			);
			runOnlyForDeploymentPostprocessing = 0;
		};
/* End PBXSourcesBuildPhase section */

/* Begin PBXVariantGroup section */
		ACF2E4562206E2EA00E7961A /* Main.storyboard */ = {
			isa = PBXVariantGroup;
			children = (
				ACF2E4572206E2EA00E7961A /* Base */,
			);
			name = Main.storyboard;
			sourceTree = "<group>";
		};
		ACF2E45B2206E2EC00E7961A /* LaunchScreen.storyboard */ = {
			isa = PBXVariantGroup;
			children = (
				ACF2E45C2206E2EC00E7961A /* Base */,
			);
			name = LaunchScreen.storyboard;
			sourceTree = "<group>";
		};
/* End PBXVariantGroup section */

/* Begin XCBuildConfiguration section */
		ACF2E45F2206E2EC00E7961A /* Debug */ = {
			isa = XCBuildConfiguration;
			buildSettings = {
				ALWAYS_SEARCH_USER_PATHS = NO;
				CLANG_ANALYZER_NONNULL = YES;
				CLANG_ANALYZER_NUMBER_OBJECT_CONVERSION = YES_AGGRESSIVE;
				CLANG_CXX_LANGUAGE_STANDARD = "gnu++14";
				CLANG_CXX_LIBRARY = "libc++";
				CLANG_ENABLE_MODULES = YES;
				CLANG_ENABLE_OBJC_ARC = YES;
				CLANG_ENABLE_OBJC_WEAK = YES;
				CLANG_WARN_BLOCK_CAPTURE_AUTORELEASING = YES;
				CLANG_WARN_BOOL_CONVERSION = YES;
				CLANG_WARN_COMMA = YES;
				CLANG_WARN_CONSTANT_CONVERSION = YES;
				CLANG_WARN_DEPRECATED_OBJC_IMPLEMENTATIONS = YES;
				CLANG_WARN_DIRECT_OBJC_ISA_USAGE = YES_ERROR;
				CLANG_WARN_DOCUMENTATION_COMMENTS = YES;
				CLANG_WARN_EMPTY_BODY = YES;
				CLANG_WARN_ENUM_CONVERSION = YES;
				CLANG_WARN_INFINITE_RECURSION = YES;
				CLANG_WARN_INT_CONVERSION = YES;
				CLANG_WARN_NON_LITERAL_NULL_CONVERSION = YES;
				CLANG_WARN_OBJC_IMPLICIT_RETAIN_SELF = YES;
				CLANG_WARN_OBJC_LITERAL_CONVERSION = YES;
				CLANG_WARN_OBJC_ROOT_CLASS = YES_ERROR;
				CLANG_WARN_RANGE_LOOP_ANALYSIS = YES;
				CLANG_WARN_STRICT_PROTOTYPES = YES;
				CLANG_WARN_SUSPICIOUS_MOVE = YES;
				CLANG_WARN_UNGUARDED_AVAILABILITY = YES_AGGRESSIVE;
				CLANG_WARN_UNREACHABLE_CODE = YES;
				CLANG_WARN__DUPLICATE_METHOD_MATCH = YES;
				CODE_SIGN_IDENTITY = "iPhone Developer";
				COPY_PHASE_STRIP = NO;
				DEBUG_INFORMATION_FORMAT = dwarf;
				ENABLE_STRICT_OBJC_MSGSEND = YES;
				ENABLE_TESTABILITY = YES;
				GCC_C_LANGUAGE_STANDARD = gnu11;
				GCC_DYNAMIC_NO_PIC = NO;
				GCC_NO_COMMON_BLOCKS = YES;
				GCC_OPTIMIZATION_LEVEL = 0;
				GCC_PREPROCESSOR_DEFINITIONS = (
					"DEBUG=1",
					"$(inherited)",
				);
				GCC_WARN_64_TO_32_BIT_CONVERSION = YES;
				GCC_WARN_ABOUT_RETURN_TYPE = YES_ERROR;
				GCC_WARN_UNDECLARED_SELECTOR = YES;
				GCC_WARN_UNINITIALIZED_AUTOS = YES_AGGRESSIVE;
				GCC_WARN_UNUSED_FUNCTION = YES;
				GCC_WARN_UNUSED_VARIABLE = YES;
				IPHONEOS_DEPLOYMENT_TARGET = 12.0;
				MTL_ENABLE_DEBUG_INFO = INCLUDE_SOURCE;
				MTL_FAST_MATH = YES;
				ONLY_ACTIVE_ARCH = YES;
				SDKROOT = iphoneos;
				SWIFT_ACTIVE_COMPILATION_CONDITIONS = DEBUG;
				SWIFT_OPTIMIZATION_LEVEL = "-Onone";
			};
			name = Debug;
		};
		ACF2E4602206E2EC00E7961A /* Release */ = {
			isa = XCBuildConfiguration;
			buildSettings = {
				ALWAYS_SEARCH_USER_PATHS = NO;
				CLANG_ANALYZER_NONNULL = YES;
				CLANG_ANALYZER_NUMBER_OBJECT_CONVERSION = YES_AGGRESSIVE;
				CLANG_CXX_LANGUAGE_STANDARD = "gnu++14";
				CLANG_CXX_LIBRARY = "libc++";
				CLANG_ENABLE_MODULES = YES;
				CLANG_ENABLE_OBJC_ARC = YES;
				CLANG_ENABLE_OBJC_WEAK = YES;
				CLANG_WARN_BLOCK_CAPTURE_AUTORELEASING = YES;
				CLANG_WARN_BOOL_CONVERSION = YES;
				CLANG_WARN_COMMA = YES;
				CLANG_WARN_CONSTANT_CONVERSION = YES;
				CLANG_WARN_DEPRECATED_OBJC_IMPLEMENTATIONS = YES;
				CLANG_WARN_DIRECT_OBJC_ISA_USAGE = YES_ERROR;
				CLANG_WARN_DOCUMENTATION_COMMENTS = YES;
				CLANG_WARN_EMPTY_BODY = YES;
				CLANG_WARN_ENUM_CONVERSION = YES;
				CLANG_WARN_INFINITE_RECURSION = YES;
				CLANG_WARN_INT_CONVERSION = YES;
				CLANG_WARN_NON_LITERAL_NULL_CONVERSION = YES;
				CLANG_WARN_OBJC_IMPLICIT_RETAIN_SELF = YES;
				CLANG_WARN_OBJC_LITERAL_CONVERSION = YES;
				CLANG_WARN_OBJC_ROOT_CLASS = YES_ERROR;
				CLANG_WARN_RANGE_LOOP_ANALYSIS = YES;
				CLANG_WARN_STRICT_PROTOTYPES = YES;
				CLANG_WARN_SUSPICIOUS_MOVE = YES;
				CLANG_WARN_UNGUARDED_AVAILABILITY = YES_AGGRESSIVE;
				CLANG_WARN_UNREACHABLE_CODE = YES;
				CLANG_WARN__DUPLICATE_METHOD_MATCH = YES;
				CODE_SIGN_IDENTITY = "iPhone Developer";
				COPY_PHASE_STRIP = NO;
				DEBUG_INFORMATION_FORMAT = "dwarf-with-dsym";
				ENABLE_NS_ASSERTIONS = NO;
				ENABLE_STRICT_OBJC_MSGSEND = YES;
				GCC_C_LANGUAGE_STANDARD = gnu11;
				GCC_NO_COMMON_BLOCKS = YES;
				GCC_WARN_64_TO_32_BIT_CONVERSION = YES;
				GCC_WARN_ABOUT_RETURN_TYPE = YES_ERROR;
				GCC_WARN_UNDECLARED_SELECTOR = YES;
				GCC_WARN_UNINITIALIZED_AUTOS = YES_AGGRESSIVE;
				GCC_WARN_UNUSED_FUNCTION = YES;
				GCC_WARN_UNUSED_VARIABLE = YES;
				IPHONEOS_DEPLOYMENT_TARGET = 12.0;
				MTL_ENABLE_DEBUG_INFO = NO;
				MTL_FAST_MATH = YES;
				SDKROOT = iphoneos;
				SWIFT_COMPILATION_MODE = wholemodule;
				SWIFT_OPTIMIZATION_LEVEL = "-O";
				VALIDATE_PRODUCT = YES;
			};
			name = Release;
		};
		ACF2E4622206E2EC00E7961A /* Debug */ = {
			isa = XCBuildConfiguration;
			buildSettings = {
				ASSETCATALOG_COMPILER_APPICON_NAME = AppIcon;
				CODE_SIGN_STYLE = Automatic;
				DEVELOPMENT_TEAM = R4XB56HC9M;
				INFOPLIST_FILE = "Grouped Messages/Info.plist";
				LD_RUNPATH_SEARCH_PATHS = (
					"$(inherited)",
					"@executable_path/Frameworks",
				);
				PRODUCT_BUNDLE_IDENTIFIER = "iMakca.Grouped-Messages";
				PRODUCT_NAME = "$(TARGET_NAME)";
				SWIFT_VERSION = 4.2;
				TARGETED_DEVICE_FAMILY = "1,2";
			};
			name = Debug;
		};
		ACF2E4632206E2EC00E7961A /* Release */ = {
			isa = XCBuildConfiguration;
			buildSettings = {
				ASSETCATALOG_COMPILER_APPICON_NAME = AppIcon;
				CODE_SIGN_STYLE = Automatic;
				DEVELOPMENT_TEAM = R4XB56HC9M;
				INFOPLIST_FILE = "Grouped Messages/Info.plist";
				LD_RUNPATH_SEARCH_PATHS = (
					"$(inherited)",
					"@executable_path/Frameworks",
				);
				PRODUCT_BUNDLE_IDENTIFIER = "iMakca.Grouped-Messages";
				PRODUCT_NAME = "$(TARGET_NAME)";
				SWIFT_VERSION = 4.2;
				TARGETED_DEVICE_FAMILY = "1,2";
			};
			name = Release;
		};
/* End XCBuildConfiguration section */

/* Begin XCConfigurationList section */
		ACF2E44A2206E2EA00E7961A /* Build configuration list for PBXProject "Grouped Messages" */ = {
			isa = XCConfigurationList;
			buildConfigurations = (
				ACF2E45F2206E2EC00E7961A /* Debug */,
				ACF2E4602206E2EC00E7961A /* Release */,
			);
			defaultConfigurationIsVisible = 0;
			defaultConfigurationName = Release;
		};
		ACF2E4612206E2EC00E7961A /* Build configuration list for PBXNativeTarget "Grouped Messages" */ = {
			isa = XCConfigurationList;
			buildConfigurations = (
				ACF2E4622206E2EC00E7961A /* Debug */,
				ACF2E4632206E2EC00E7961A /* Release */,
			);
			defaultConfigurationIsVisible = 0;
			defaultConfigurationName = Release;
		};
/* End XCConfigurationList section */
	};
	rootObject = ACF2E4472206E2EA00E7961A /* Project object */;
}
